
Microsoft Visual Studio Solution File, Format Version 12.00
# Visual Studio Version 16
VisualStudioVersion = 16.0.29728.190
MinimumVisualStudioVersion = 10.0.40219.1
Project("{FAE04EC0-301F-11D3-BF4B-00C04F79EFBC}") = "ProjectData", "ProjectData\ProjectData.csproj", "{C7994F53-76EC-406A-ABE2-2B2F89B1B7E5}"
EndProject
Project("{FAE04EC0-301F-11D3-BF4B-00C04F79EFBC}") = "CrudAppNBA", "CrudAppNBA\CrudAppNBA.csproj", "{ACF30E35-8762-4F10-AECA-95C4467F4E98}"
EndProject
Project("{FAE04EC0-301F-11D3-BF4B-00C04F79EFBC}") = "CrudWeb", "CrudWeb\CrudWeb.csproj", "{33F1B6F8-47FE-490B-8530-778B76941F45}"
EndProject
Project("{FAE04EC0-301F-11D3-BF4B-00C04F79EFBC}") = "CrudWebNBA", "CrudWebNBA\CrudWebNBA.csproj", "{EFD947DE-D4E8-4288-9896-095515A082EE}"
EndProject
Global
	GlobalSection(SolutionConfigurationPlatforms) = preSolution
		Debug|Any CPU = Debug|Any CPU
		Release|Any CPU = Release|Any CPU
	EndGlobalSection
	GlobalSection(ProjectConfigurationPlatforms) = postSolution
		{C7994F53-76EC-406A-ABE2-2B2F89B1B7E5}.Debug|Any CPU.ActiveCfg = Debug|Any CPU
		{C7994F53-76EC-406A-ABE2-2B2F89B1B7E5}.Debug|Any CPU.Build.0 = Debug|Any CPU
		{C7994F53-76EC-406A-ABE2-2B2F89B1B7E5}.Release|Any CPU.ActiveCfg = Release|Any CPU
		{C7994F53-76EC-406A-ABE2-2B2F89B1B7E5}.Release|Any CPU.Build.0 = Release|Any CPU
		{ACF30E35-8762-4F10-AECA-95C4467F4E98}.Debug|Any CPU.ActiveCfg = Debug|Any CPU
		{ACF30E35-8762-4F10-AECA-95C4467F4E98}.Debug|Any CPU.Build.0 = Debug|Any CPU
		{ACF30E35-8762-4F10-AECA-95C4467F4E98}.Release|Any CPU.ActiveCfg = Release|Any CPU
		{ACF30E35-8762-4F10-AECA-95C4467F4E98}.Release|Any CPU.Build.0 = Release|Any CPU
		{33F1B6F8-47FE-490B-8530-778B76941F45}.Debug|Any CPU.ActiveCfg = Debug|Any CPU
		{33F1B6F8-47FE-490B-8530-778B76941F45}.Debug|Any CPU.Build.0 = Debug|Any CPU
		{33F1B6F8-47FE-490B-8530-778B76941F45}.Release|Any CPU.ActiveCfg = Release|Any CPU
		{33F1B6F8-47FE-490B-8530-778B76941F45}.Release|Any CPU.Build.0 = Release|Any CPU
		{EFD947DE-D4E8-4288-9896-095515A082EE}.Debug|Any CPU.ActiveCfg = Debug|Any CPU
		{EFD947DE-D4E8-4288-9896-095515A082EE}.Debug|Any CPU.Build.0 = Debug|Any CPU
		{EFD947DE-D4E8-4288-9896-095515A082EE}.Release|Any CPU.ActiveCfg = Release|Any CPU
		{EFD947DE-D4E8-4288-9896-095515A082EE}.Release|Any CPU.Build.0 = Release|Any CPU
	EndGlobalSection
	GlobalSection(SolutionProperties) = preSolution
		HideSolutionNode = FALSE
	EndGlobalSection
	GlobalSection(ExtensibilityGlobals) = postSolution
		SolutionGuid = {109B6065-6AAD-41F4-9960-3CE972EE32A1}
	EndGlobalSection
EndGlobal
